
Microsoft Visual Studio Solution File, Format Version 12.00
# Visual Studio Version 16
VisualStudioVersion = 16.0.33328.57
MinimumVisualStudioVersion = 10.0.40219.1
Project("{FAE04EC0-301F-11D3-BF4B-00C04F79EFBC}") = "FinalImgUpload", "FinalImgUpload.csproj", "{8D3D96F8-031A-4BA0-A292-A733C7DE8B8E}"
EndProject
Global
	GlobalSection(SolutionConfigurationPlatforms) = preSolution
		Debug|Any CPU = Debug|Any CPU
		Release|Any CPU = Release|Any CPU
	EndGlobalSection
	GlobalSection(ProjectConfigurationPlatforms) = postSolution
		{8D3D96F8-031A-4BA0-A292-A733C7DE8B8E}.Debug|Any CPU.ActiveCfg = Debug|Any CPU
		{8D3D96F8-031A-4BA0-A292-A733C7DE8B8E}.Debug|Any CPU.Build.0 = Debug|Any CPU
		{8D3D96F8-031A-4BA0-A292-A733C7DE8B8E}.Release|Any CPU.ActiveCfg = Release|Any CPU
		{8D3D96F8-031A-4BA0-A292-A733C7DE8B8E}.Release|Any CPU.Build.0 = Release|Any CPU
	EndGlobalSection
	GlobalSection(SolutionProperties) = preSolution
		HideSolutionNode = FALSE
	EndGlobalSection
	GlobalSection(ExtensibilityGlobals) = postSolution
		SolutionGuid = {E50715E0-21F5-47E7-AF8A-5A7BDBE0BD78}
	EndGlobalSection
EndGlobal
